
Microsoft Visual Studio Solution File, Format Version 12.00
# Visual Studio Version 17
VisualStudioVersion = 17.1.32319.34
MinimumVisualStudioVersion = 10.0.40219.1
Project("{9A19103F-16F7-4668-BE54-9A1E7A4F7556}") = "Gravity", "Gravity\Gravity.csproj", "{ACE7319F-6087-4EC4-B022-DB6D8B268C7C}"
EndProject
Project("{9A19103F-16F7-4668-BE54-9A1E7A4F7556}") = "Entities", "Entities\Entities.csproj", "{3AEE8F26-B80C-4DE0-B260-24B2C80F9D42}"
EndProject
Project("{9A19103F-16F7-4668-BE54-9A1E7A4F7556}") = "Calculators", "Calculator\Calculators.csproj", "{D371919B-25E2-4370-91EF-C2A7661D4E40}"
EndProject
Project("{9A19103F-16F7-4668-BE54-9A1E7A4F7556}") = "Strobing", "Stroboscope\Strobing.csproj", "{F8770AAD-7368-4067-B842-4DAE5622BEB6}"
EndProject
Project("{9A19103F-16F7-4668-BE54-9A1E7A4F7556}") = "Gravity.Tests", "Gravity.Tests\Gravity.Tests.csproj", "{9A9AE0FB-4CFE-4307-9764-55952CCFDAC8}"
EndProject
Project("{9A19103F-16F7-4668-BE54-9A1E7A4F7556}") = "Jobs", "Jobs\Jobs.csproj", "{B319E28F-F11B-4511-B92B-FEA67A0610B2}"
EndProject
Project("{9A19103F-16F7-4668-BE54-9A1E7A4F7556}") = "Blotch3dGraphics", "Blotch3dGraphics\Blotch3dGraphics.csproj", "{41B981ED-2DCD-4824-97FE-2C945EBDF38C}"
EndProject
Global
	GlobalSection(SolutionConfigurationPlatforms) = preSolution
		Debug|Any CPU = Debug|Any CPU
		Release|Any CPU = Release|Any CPU
	EndGlobalSection
	GlobalSection(ProjectConfigurationPlatforms) = postSolution
		{ACE7319F-6087-4EC4-B022-DB6D8B268C7C}.Debug|Any CPU.ActiveCfg = Debug|Any CPU
		{ACE7319F-6087-4EC4-B022-DB6D8B268C7C}.Debug|Any CPU.Build.0 = Debug|Any CPU
		{ACE7319F-6087-4EC4-B022-DB6D8B268C7C}.Release|Any CPU.ActiveCfg = Release|Any CPU
		{ACE7319F-6087-4EC4-B022-DB6D8B268C7C}.Release|Any CPU.Build.0 = Release|Any CPU
		{3AEE8F26-B80C-4DE0-B260-24B2C80F9D42}.Debug|Any CPU.ActiveCfg = Debug|Any CPU
		{3AEE8F26-B80C-4DE0-B260-24B2C80F9D42}.Debug|Any CPU.Build.0 = Debug|Any CPU
		{3AEE8F26-B80C-4DE0-B260-24B2C80F9D42}.Release|Any CPU.ActiveCfg = Release|Any CPU
		{3AEE8F26-B80C-4DE0-B260-24B2C80F9D42}.Release|Any CPU.Build.0 = Release|Any CPU
		{D371919B-25E2-4370-91EF-C2A7661D4E40}.Debug|Any CPU.ActiveCfg = Debug|Any CPU
		{D371919B-25E2-4370-91EF-C2A7661D4E40}.Debug|Any CPU.Build.0 = Debug|Any CPU
		{D371919B-25E2-4370-91EF-C2A7661D4E40}.Release|Any CPU.ActiveCfg = Release|Any CPU
		{D371919B-25E2-4370-91EF-C2A7661D4E40}.Release|Any CPU.Build.0 = Release|Any CPU
		{F8770AAD-7368-4067-B842-4DAE5622BEB6}.Debug|Any CPU.ActiveCfg = Debug|Any CPU
		{F8770AAD-7368-4067-B842-4DAE5622BEB6}.Debug|Any CPU.Build.0 = Debug|Any CPU
		{F8770AAD-7368-4067-B842-4DAE5622BEB6}.Release|Any CPU.ActiveCfg = Release|Any CPU
		{F8770AAD-7368-4067-B842-4DAE5622BEB6}.Release|Any CPU.Build.0 = Release|Any CPU
		{9A9AE0FB-4CFE-4307-9764-55952CCFDAC8}.Debug|Any CPU.ActiveCfg = Debug|Any CPU
		{9A9AE0FB-4CFE-4307-9764-55952CCFDAC8}.Debug|Any CPU.Build.0 = Debug|Any CPU
		{9A9AE0FB-4CFE-4307-9764-55952CCFDAC8}.Release|Any CPU.ActiveCfg = Release|Any CPU
		{9A9AE0FB-4CFE-4307-9764-55952CCFDAC8}.Release|Any CPU.Build.0 = Release|Any CPU
		{B319E28F-F11B-4511-B92B-FEA67A0610B2}.Debug|Any CPU.ActiveCfg = Debug|Any CPU
		{B319E28F-F11B-4511-B92B-FEA67A0610B2}.Debug|Any CPU.Build.0 = Debug|Any CPU
		{B319E28F-F11B-4511-B92B-FEA67A0610B2}.Release|Any CPU.ActiveCfg = Release|Any CPU
		{B319E28F-F11B-4511-B92B-FEA67A0610B2}.Release|Any CPU.Build.0 = Release|Any CPU
		{41B981ED-2DCD-4824-97FE-2C945EBDF38C}.Debug|Any CPU.ActiveCfg = Debug|Any CPU
		{41B981ED-2DCD-4824-97FE-2C945EBDF38C}.Debug|Any CPU.Build.0 = Debug|Any CPU
		{41B981ED-2DCD-4824-97FE-2C945EBDF38C}.Release|Any CPU.ActiveCfg = Release|Any CPU
		{41B981ED-2DCD-4824-97FE-2C945EBDF38C}.Release|Any CPU.Build.0 = Release|Any CPU
	EndGlobalSection
	GlobalSection(SolutionProperties) = preSolution
		HideSolutionNode = FALSE
	EndGlobalSection
	GlobalSection(ExtensibilityGlobals) = postSolution
		SolutionGuid = {4CB3E80F-D7E6-4A4D-9C0C-4C4D35CB0370}
	EndGlobalSection
EndGlobal
